
Microsoft Visual Studio Solution File, Format Version 12.00
# Visual Studio Version 16
VisualStudioVersion = 16.0.30011.22
MinimumVisualStudioVersion = 10.0.40219.1
Project("{FAE04EC0-301F-11D3-BF4B-00C04F79EFBC}") = "001 3MA Stochastic (2)", "001 3MA Stochastic (2)\001 3MA Stochastic (2).csproj", "{771db923-7953-4f7e-841a-a5791b5c05d2}"
EndProject
Global
	GlobalSection(SolutionConfigurationPlatforms) = preSolution
		Debug|Any CPU = Debug|Any CPU
		Release|Any CPU = Release|Any CPU
	EndGlobalSection
	GlobalSection(ProjectConfigurationPlatforms) = postSolution
		{771db923-7953-4f7e-841a-a5791b5c05d2}.Debug|Any CPU.ActiveCfg = Debug|Any CPU
		{771db923-7953-4f7e-841a-a5791b5c05d2}.Debug|Any CPU.Build.0 = Debug|Any CPU
		{771db923-7953-4f7e-841a-a5791b5c05d2}.Release|Any CPU.ActiveCfg = Release|Any CPU
		{771db923-7953-4f7e-841a-a5791b5c05d2}.Release|Any CPU.Build.0 = Release|Any CPU
	EndGlobalSection
	GlobalSection(SolutionProperties) = preSolution
		HideSolutionNode = FALSE
	EndGlobalSection
EndGlobal
